
Microsoft Visual Studio Solution File, Format Version 11.00
# Visual Studio 2010
Project("{FAE04EC0-301F-11D3-BF4B-00C04F79EFBC}") = "Siccity.GLTFUtility", "Siccity.GLTFUtility.csproj", "{c887eae9-8295-a2aa-a590-b6b1302ddbef}"
EndProject
Project("{FAE04EC0-301F-11D3-BF4B-00C04F79EFBC}") = "ReadyPlayerMe", "ReadyPlayerMe.csproj", "{5e480968-8cd2-a097-9223-839724770b61}"
EndProject
Project("{FAE04EC0-301F-11D3-BF4B-00C04F79EFBC}") = "Assembly-CSharp", "Assembly-CSharp.csproj", "{17ef9c7f-7e67-d94d-3ac2-003dbdd02042}"
EndProject
Project("{FAE04EC0-301F-11D3-BF4B-00C04F79EFBC}") = "WebView", "WebView.csproj", "{2b35765a-1f49-5951-369f-7c9ff5ce686e}"
EndProject
Project("{FAE04EC0-301F-11D3-BF4B-00C04F79EFBC}") = "ReadyPlayerMe.Editor", "ReadyPlayerMe.Editor.csproj", "{48a5df95-ecd5-bd20-8604-8610e91c9e40}"
EndProject
Project("{FAE04EC0-301F-11D3-BF4B-00C04F79EFBC}") = "Siccity.GLTFUtility.Editor", "Siccity.GLTFUtility.Editor.csproj", "{18982d24-59c0-1e49-2a1b-5538428afb56}"
EndProject
Project("{FAE04EC0-301F-11D3-BF4B-00C04F79EFBC}") = "ReadyPlayerMe.Extras.Editor", "ReadyPlayerMe.Extras.Editor.csproj", "{4cb2a1b6-195b-fb33-1a02-69bc172f3acc}"
EndProject
Global
	GlobalSection(SolutionConfigurationPlatforms) = preSolution
		Debug|Any CPU = Debug|Any CPU
	EndGlobalSection
	GlobalSection(ProjectConfigurationPlatforms) = postSolution
		{c887eae9-8295-a2aa-a590-b6b1302ddbef}.Debug|Any CPU.ActiveCfg = Debug|Any CPU
		{c887eae9-8295-a2aa-a590-b6b1302ddbef}.Debug|Any CPU.Build.0 = Debug|Any CPU
		{5e480968-8cd2-a097-9223-839724770b61}.Debug|Any CPU.ActiveCfg = Debug|Any CPU
		{5e480968-8cd2-a097-9223-839724770b61}.Debug|Any CPU.Build.0 = Debug|Any CPU
		{17ef9c7f-7e67-d94d-3ac2-003dbdd02042}.Debug|Any CPU.ActiveCfg = Debug|Any CPU
		{17ef9c7f-7e67-d94d-3ac2-003dbdd02042}.Debug|Any CPU.Build.0 = Debug|Any CPU
		{2b35765a-1f49-5951-369f-7c9ff5ce686e}.Debug|Any CPU.ActiveCfg = Debug|Any CPU
		{2b35765a-1f49-5951-369f-7c9ff5ce686e}.Debug|Any CPU.Build.0 = Debug|Any CPU
		{48a5df95-ecd5-bd20-8604-8610e91c9e40}.Debug|Any CPU.ActiveCfg = Debug|Any CPU
		{48a5df95-ecd5-bd20-8604-8610e91c9e40}.Debug|Any CPU.Build.0 = Debug|Any CPU
		{18982d24-59c0-1e49-2a1b-5538428afb56}.Debug|Any CPU.ActiveCfg = Debug|Any CPU
		{18982d24-59c0-1e49-2a1b-5538428afb56}.Debug|Any CPU.Build.0 = Debug|Any CPU
		{4cb2a1b6-195b-fb33-1a02-69bc172f3acc}.Debug|Any CPU.ActiveCfg = Debug|Any CPU
		{4cb2a1b6-195b-fb33-1a02-69bc172f3acc}.Debug|Any CPU.Build.0 = Debug|Any CPU
	EndGlobalSection
	GlobalSection(SolutionProperties) = preSolution
		HideSolutionNode = FALSE
	EndGlobalSection
EndGlobal
